
Microsoft Visual Studio Solution File, Format Version 12.00
# Visual Studio Version 16
VisualStudioVersion = 16.0.31624.102
MinimumVisualStudioVersion = 10.0.40219.1
Project("{FAE04EC0-301F-11D3-BF4B-00C04F79EFBC}") = "FSoft", "FSoft\FSoft.csproj", "{4A41A780-CAF5-404A-B57A-E6F75DA32F62}"
EndProject
Global
	GlobalSection(SolutionConfigurationPlatforms) = preSolution
		Debug|Any CPU = Debug|Any CPU
		Release|Any CPU = Release|Any CPU
	EndGlobalSection
	GlobalSection(ProjectConfigurationPlatforms) = postSolution
		{4A41A780-CAF5-404A-B57A-E6F75DA32F62}.Debug|Any CPU.ActiveCfg = Debug|Any CPU
		{4A41A780-CAF5-404A-B57A-E6F75DA32F62}.Debug|Any CPU.Build.0 = Debug|Any CPU
		{4A41A780-CAF5-404A-B57A-E6F75DA32F62}.Release|Any CPU.ActiveCfg = Release|Any CPU
		{4A41A780-CAF5-404A-B57A-E6F75DA32F62}.Release|Any CPU.Build.0 = Release|Any CPU
	EndGlobalSection
	GlobalSection(SolutionProperties) = preSolution
		HideSolutionNode = FALSE
	EndGlobalSection
	GlobalSection(ExtensibilityGlobals) = postSolution
		SolutionGuid = {A77EF455-67D2-4731-8E58-40083E567066}
	EndGlobalSection
EndGlobal
